
Microsoft Visual Studio Solution File, Format Version 12.00
# Visual Studio Version 17
VisualStudioVersion = 17.6.33723.286
MinimumVisualStudioVersion = 10.0.40219.1
Project("{9A19103F-16F7-4668-BE54-9A1E7A4F7556}") = "RRSEASYPARK", "RRSEASYPARK\RRSEASYPARK.csproj", "{D2C1A62B-4B3E-4560-B56A-EB177FAAE425}"
EndProject
Project("{9A19103F-16F7-4668-BE54-9A1E7A4F7556}") = "RRSEASYPARKTESTING", "ClientTest\RRSEASYPARKTESTING.csproj", "{C7240C28-B013-470B-8348-A2B4B9F5A39D}"
EndProject
Project("{FAE04EC0-301F-11D3-BF4B-00C04F79EFBC}") = "TESTSELENIUM", "TESTSELENIUM\TESTSELENIUM.csproj", "{8A403BD8-6288-464D-887D-9A245D35D266}"
EndProject
Global
	GlobalSection(SolutionConfigurationPlatforms) = preSolution
		Debug|Any CPU = Debug|Any CPU
		Release|Any CPU = Release|Any CPU
	EndGlobalSection
	GlobalSection(ProjectConfigurationPlatforms) = postSolution
		{D2C1A62B-4B3E-4560-B56A-EB177FAAE425}.Debug|Any CPU.ActiveCfg = Debug|Any CPU
		{D2C1A62B-4B3E-4560-B56A-EB177FAAE425}.Debug|Any CPU.Build.0 = Debug|Any CPU
		{D2C1A62B-4B3E-4560-B56A-EB177FAAE425}.Release|Any CPU.ActiveCfg = Release|Any CPU
		{D2C1A62B-4B3E-4560-B56A-EB177FAAE425}.Release|Any CPU.Build.0 = Release|Any CPU
		{C7240C28-B013-470B-8348-A2B4B9F5A39D}.Debug|Any CPU.ActiveCfg = Debug|Any CPU
		{C7240C28-B013-470B-8348-A2B4B9F5A39D}.Debug|Any CPU.Build.0 = Debug|Any CPU
		{C7240C28-B013-470B-8348-A2B4B9F5A39D}.Release|Any CPU.ActiveCfg = Release|Any CPU
		{C7240C28-B013-470B-8348-A2B4B9F5A39D}.Release|Any CPU.Build.0 = Release|Any CPU
		{8A403BD8-6288-464D-887D-9A245D35D266}.Debug|Any CPU.ActiveCfg = Debug|Any CPU
		{8A403BD8-6288-464D-887D-9A245D35D266}.Debug|Any CPU.Build.0 = Debug|Any CPU
		{8A403BD8-6288-464D-887D-9A245D35D266}.Release|Any CPU.ActiveCfg = Release|Any CPU
		{8A403BD8-6288-464D-887D-9A245D35D266}.Release|Any CPU.Build.0 = Release|Any CPU
	EndGlobalSection
	GlobalSection(SolutionProperties) = preSolution
		HideSolutionNode = FALSE
	EndGlobalSection
	GlobalSection(ExtensibilityGlobals) = postSolution
		SolutionGuid = {743AA506-3405-4E3A-9B2F-240358488E12}
	EndGlobalSection
EndGlobal
